<?xml version="1.0" encoding="UTF-8"?>
<CodeBlocks_project_file>
	<FileVersion major="1" minor="6"/>
	<Project>
		<Option title="gridstore"/>
		<Option makefile_is_custom="1"/>
		<Option compiler="gcc"/>
		<Option virtualFolders="CMake Files\;CMake Files\cmake\;"/>
		<Build>
			<Target title="all">
				<Option working_dir="/Users/marcus/git/basement"/>
				<Option type="4"/>
				<MakeCommands>
					<Build command="/usr/bin/make -j8 -f &quot;/Users/marcus/git/basement/Makefile&quot;  VERBOSE=1 all"/>
					<CompileFile command="/usr/bin/make -j8 -f &quot;/Users/marcus/git/basement/Makefile&quot;  VERBOSE=1 &quot;$file&quot;"/>
					<Clean command="/usr/bin/make -j8 -f &quot;/Users/marcus/git/basement/Makefile&quot;  VERBOSE=1 clean"/>
					<DistClean command="/usr/bin/make -j8 -f &quot;/Users/marcus/git/basement/Makefile&quot;  VERBOSE=1 clean"/>
				</MakeCommands>
			</Target>
			<Target title="edit_cache">
				<Option working_dir="/Users/marcus/git/basement"/>
				<Option type="4"/>
				<MakeCommands>
					<Build command="/usr/bin/make -j8 -f &quot;/Users/marcus/git/basement/Makefile&quot;  VERBOSE=1 edit_cache"/>
					<CompileFile command="/usr/bin/make -j8 -f &quot;/Users/marcus/git/basement/Makefile&quot;  VERBOSE=1 &quot;$file&quot;"/>
					<Clean command="/usr/bin/make -j8 -f &quot;/Users/marcus/git/basement/Makefile&quot;  VERBOSE=1 clean"/>
					<DistClean command="/usr/bin/make -j8 -f &quot;/Users/marcus/git/basement/Makefile&quot;  VERBOSE=1 clean"/>
				</MakeCommands>
			</Target>
			<Target title="rebuild_cache">
				<Option working_dir="/Users/marcus/git/basement"/>
				<Option type="4"/>
				<MakeCommands>
					<Build command="/usr/bin/make -j8 -f &quot;/Users/marcus/git/basement/Makefile&quot;  VERBOSE=1 rebuild_cache"/>
					<CompileFile command="/usr/bin/make -j8 -f &quot;/Users/marcus/git/basement/Makefile&quot;  VERBOSE=1 &quot;$file&quot;"/>
					<Clean command="/usr/bin/make -j8 -f &quot;/Users/marcus/git/basement/Makefile&quot;  VERBOSE=1 clean"/>
					<DistClean command="/usr/bin/make -j8 -f &quot;/Users/marcus/git/basement/Makefile&quot;  VERBOSE=1 clean"/>
				</MakeCommands>
			</Target>
			<Target title="doc">
				<Option working_dir="/Users/marcus/git/basement"/>
				<Option type="4"/>
				<MakeCommands>
					<Build command="/usr/bin/make -j8 -f &quot;/Users/marcus/git/basement/Makefile&quot;  VERBOSE=1 doc"/>
					<CompileFile command="/usr/bin/make -j8 -f &quot;/Users/marcus/git/basement/Makefile&quot;  VERBOSE=1 &quot;$file&quot;"/>
					<Clean command="/usr/bin/make -j8 -f &quot;/Users/marcus/git/basement/Makefile&quot;  VERBOSE=1 clean"/>
					<DistClean command="/usr/bin/make -j8 -f &quot;/Users/marcus/git/basement/Makefile&quot;  VERBOSE=1 clean"/>
				</MakeCommands>
			</Target>
			<Target title="gridstore">
				<Option output="/Users/marcus/git/basement/bin/gridstore" prefix_auto="0" extension_auto="0"/>
				<Option working_dir="/Users/marcus/git/basement/bin"/>
				<Option object_output="./"/>
				<Option type="1"/>
				<Option compiler="gcc"/>
				<Compiler>
					<Add directory="/Users/marcus/git/basement/include"/>
					<Add directory="/Users/marcus/git/basement/third-party"/>
					<Add directory="/usr/include/apr-1"/>
					<Add directory="/usr/local/include"/>
					<Add directory="/Applications/Xcode.app/Contents/Developer/Toolchains/XcodeDefault.xctoolchain/usr/bin/../lib/clang/7.3.0/include"/>
					<Add directory="/Applications/Xcode.app/Contents/Developer/Toolchains/XcodeDefault.xctoolchain/usr/include"/>
					<Add directory="/System/Library/Frameworks"/>
					<Add directory="/Library/Frameworks"/>
					<Add directory="/Applications/Xcode.app/Contents/Developer/Toolchains/XcodeDefault.xctoolchain/usr/bin/../include/c++/v1"/>
				</Compiler>
				<MakeCommands>
					<Build command="/usr/bin/make -j8 -f &quot;/Users/marcus/git/basement/Makefile&quot;  VERBOSE=1 gridstore"/>
					<CompileFile command="/usr/bin/make -j8 -f &quot;/Users/marcus/git/basement/Makefile&quot;  VERBOSE=1 &quot;$file&quot;"/>
					<Clean command="/usr/bin/make -j8 -f &quot;/Users/marcus/git/basement/Makefile&quot;  VERBOSE=1 clean"/>
					<DistClean command="/usr/bin/make -j8 -f &quot;/Users/marcus/git/basement/Makefile&quot;  VERBOSE=1 clean"/>
				</MakeCommands>
			</Target>
			<Target title="gridstore/fast">
				<Option output="/Users/marcus/git/basement/bin/gridstore" prefix_auto="0" extension_auto="0"/>
				<Option working_dir="/Users/marcus/git/basement/bin"/>
				<Option object_output="./"/>
				<Option type="1"/>
				<Option compiler="gcc"/>
				<Compiler>
					<Add directory="/Users/marcus/git/basement/include"/>
					<Add directory="/Users/marcus/git/basement/third-party"/>
					<Add directory="/usr/include/apr-1"/>
					<Add directory="/usr/local/include"/>
					<Add directory="/Applications/Xcode.app/Contents/Developer/Toolchains/XcodeDefault.xctoolchain/usr/bin/../lib/clang/7.3.0/include"/>
					<Add directory="/Applications/Xcode.app/Contents/Developer/Toolchains/XcodeDefault.xctoolchain/usr/include"/>
					<Add directory="/System/Library/Frameworks"/>
					<Add directory="/Library/Frameworks"/>
					<Add directory="/Applications/Xcode.app/Contents/Developer/Toolchains/XcodeDefault.xctoolchain/usr/bin/../include/c++/v1"/>
				</Compiler>
				<MakeCommands>
					<Build command="/usr/bin/make -j8 -f &quot;/Users/marcus/git/basement/Makefile&quot;  VERBOSE=1 gridstore/fast"/>
					<CompileFile command="/usr/bin/make -j8 -f &quot;/Users/marcus/git/basement/Makefile&quot;  VERBOSE=1 &quot;$file&quot;"/>
					<Clean command="/usr/bin/make -j8 -f &quot;/Users/marcus/git/basement/Makefile&quot;  VERBOSE=1 clean"/>
					<DistClean command="/usr/bin/make -j8 -f &quot;/Users/marcus/git/basement/Makefile&quot;  VERBOSE=1 clean"/>
				</MakeCommands>
			</Target>
		</Build>
		<Unit filename="/Users/marcus/git/basement/gridstore.c">
			<Option target="gridstore"/>
		</Unit>
		<Unit filename="/Users/marcus/git/basement/include/async.h">
			<Option target="gridstore"/>
		</Unit>
		<Unit filename="/Users/marcus/git/basement/include/attr.h">
			<Option target="gridstore"/>
		</Unit>
		<Unit filename="/Users/marcus/git/basement/include/c11threads.h">
			<Option target="gridstore"/>
		</Unit>
		<Unit filename="/Users/marcus/git/basement/include/conf.h">
			<Option target="gridstore"/>
		</Unit>
		<Unit filename="/Users/marcus/git/basement/include/containers/dict.h">
			<Option target="gridstore"/>
		</Unit>
		<Unit filename="/Users/marcus/git/basement/include/containers/dicts/hash_table.h">
			<Option target="gridstore"/>
		</Unit>
		<Unit filename="/Users/marcus/git/basement/include/containers/freelist.h">
			<Option target="gridstore"/>
		</Unit>
		<Unit filename="/Users/marcus/git/basement/include/containers/hashset.h">
			<Option target="gridstore"/>
		</Unit>
		<Unit filename="/Users/marcus/git/basement/include/containers/list.h">
			<Option target="gridstore"/>
		</Unit>
		<Unit filename="/Users/marcus/git/basement/include/containers/vec.h">
			<Option target="gridstore"/>
		</Unit>
		<Unit filename="/Users/marcus/git/basement/include/debug.h">
			<Option target="gridstore"/>
		</Unit>
		<Unit filename="/Users/marcus/git/basement/include/error.h">
			<Option target="gridstore"/>
		</Unit>
		<Unit filename="/Users/marcus/git/basement/include/field_type.h">
			<Option target="gridstore"/>
		</Unit>
		<Unit filename="/Users/marcus/git/basement/include/frag.h">
			<Option target="gridstore"/>
		</Unit>
		<Unit filename="/Users/marcus/git/basement/include/frag_printer.h">
			<Option target="gridstore"/>
		</Unit>
		<Unit filename="/Users/marcus/git/basement/include/frag_printers/console_printer.h">
			<Option target="gridstore"/>
		</Unit>
		<Unit filename="/Users/marcus/git/basement/include/frags/frag_host_vm.h">
			<Option target="gridstore"/>
		</Unit>
		<Unit filename="/Users/marcus/git/basement/include/global.h">
			<Option target="gridstore"/>
		</Unit>
		<Unit filename="/Users/marcus/git/basement/include/grid.h">
			<Option target="gridstore"/>
		</Unit>
		<Unit filename="/Users/marcus/git/basement/include/grid_cursor.h">
			<Option target="gridstore"/>
		</Unit>
		<Unit filename="/Users/marcus/git/basement/include/gs.h">
			<Option target="gridstore"/>
		</Unit>
		<Unit filename="/Users/marcus/git/basement/include/gs_dispatcher.h">
			<Option target="gridstore"/>
		</Unit>
		<Unit filename="/Users/marcus/git/basement/include/gs_event.h">
			<Option target="gridstore"/>
		</Unit>
		<Unit filename="/Users/marcus/git/basement/include/gs_gridstore.h">
			<Option target="gridstore"/>
		</Unit>
		<Unit filename="/Users/marcus/git/basement/include/gs_shell.h">
			<Option target="gridstore"/>
		</Unit>
		<Unit filename="/Users/marcus/git/basement/include/hash.h">
			<Option target="gridstore"/>
		</Unit>
		<Unit filename="/Users/marcus/git/basement/include/indexes/hindex.h">
			<Option target="gridstore"/>
		</Unit>
		<Unit filename="/Users/marcus/git/basement/include/indexes/hindexes/lsearch_hindex.h">
			<Option target="gridstore"/>
		</Unit>
		<Unit filename="/Users/marcus/git/basement/include/indexes/vindex.h">
			<Option target="gridstore"/>
		</Unit>
		<Unit filename="/Users/marcus/git/basement/include/indexes/vindexes/hash_vindex.h">
			<Option target="gridstore"/>
		</Unit>
		<Unit filename="/Users/marcus/git/basement/include/inet/gs_request.h">
			<Option target="gridstore"/>
		</Unit>
		<Unit filename="/Users/marcus/git/basement/include/inet/gs_server.h">
			<Option target="gridstore"/>
		</Unit>
		<Unit filename="/Users/marcus/git/basement/include/inet/response.h">
			<Option target="gridstore"/>
		</Unit>
		<Unit filename="/Users/marcus/git/basement/include/info.h">
			<Option target="gridstore"/>
		</Unit>
		<Unit filename="/Users/marcus/git/basement/include/interval.h">
			<Option target="gridstore"/>
		</Unit>
		<Unit filename="/Users/marcus/git/basement/include/mondrian.h">
			<Option target="gridstore"/>
		</Unit>
		<Unit filename="/Users/marcus/git/basement/include/msg.h">
			<Option target="gridstore"/>
		</Unit>
		<Unit filename="/Users/marcus/git/basement/include/mvm.h">
			<Option target="gridstore"/>
		</Unit>
		<Unit filename="/Users/marcus/git/basement/include/operators/scan.h">
			<Option target="gridstore"/>
		</Unit>
		<Unit filename="/Users/marcus/git/basement/include/pred.h">
			<Option target="gridstore"/>
		</Unit>
		<Unit filename="/Users/marcus/git/basement/include/pref.h">
			<Option target="gridstore"/>
		</Unit>
		<Unit filename="/Users/marcus/git/basement/include/progpool.h">
			<Option target="gridstore"/>
		</Unit>
		<Unit filename="/Users/marcus/git/basement/include/require.h">
			<Option target="gridstore"/>
		</Unit>
		<Unit filename="/Users/marcus/git/basement/include/routers/api/1.0/nodes.h">
			<Option target="gridstore"/>
		</Unit>
		<Unit filename="/Users/marcus/git/basement/include/routers/api/types/create/router.h">
			<Option target="gridstore"/>
		</Unit>
		<Unit filename="/Users/marcus/git/basement/include/schema.h">
			<Option target="gridstore"/>
		</Unit>
		<Unit filename="/Users/marcus/git/basement/include/storage/memory.h">
			<Option target="gridstore"/>
		</Unit>
		<Unit filename="/Users/marcus/git/basement/include/tableimg.h">
			<Option target="gridstore"/>
		</Unit>
		<Unit filename="/Users/marcus/git/basement/include/timer.h">
			<Option target="gridstore"/>
		</Unit>
		<Unit filename="/Users/marcus/git/basement/include/tuple.h">
			<Option target="gridstore"/>
		</Unit>
		<Unit filename="/Users/marcus/git/basement/include/tuple_cursor.h">
			<Option target="gridstore"/>
		</Unit>
		<Unit filename="/Users/marcus/git/basement/include/tuple_field.h">
			<Option target="gridstore"/>
		</Unit>
		<Unit filename="/Users/marcus/git/basement/include/tuplet.h">
			<Option target="gridstore"/>
		</Unit>
		<Unit filename="/Users/marcus/git/basement/include/tuplet_field.h">
			<Option target="gridstore"/>
		</Unit>
		<Unit filename="/Users/marcus/git/basement/include/unsafe.h">
			<Option target="gridstore"/>
		</Unit>
		<Unit filename="/Users/marcus/git/basement/include/utils.h">
			<Option target="gridstore"/>
		</Unit>
		<Unit filename="/Users/marcus/git/basement/src/async.c">
			<Option target="gridstore"/>
		</Unit>
		<Unit filename="/Users/marcus/git/basement/src/attr.c">
			<Option target="gridstore"/>
		</Unit>
		<Unit filename="/Users/marcus/git/basement/src/conf.c">
			<Option target="gridstore"/>
		</Unit>
		<Unit filename="/Users/marcus/git/basement/src/containers/dict.c">
			<Option target="gridstore"/>
		</Unit>
		<Unit filename="/Users/marcus/git/basement/src/containers/dicts/hash_table.c">
			<Option target="gridstore"/>
		</Unit>
		<Unit filename="/Users/marcus/git/basement/src/containers/freelist.c">
			<Option target="gridstore"/>
		</Unit>
		<Unit filename="/Users/marcus/git/basement/src/containers/hashset.c">
			<Option target="gridstore"/>
		</Unit>
		<Unit filename="/Users/marcus/git/basement/src/containers/list.c">
			<Option target="gridstore"/>
		</Unit>
		<Unit filename="/Users/marcus/git/basement/src/containers/vec.c">
			<Option target="gridstore"/>
		</Unit>
		<Unit filename="/Users/marcus/git/basement/src/error.c">
			<Option target="gridstore"/>
		</Unit>
		<Unit filename="/Users/marcus/git/basement/src/field_type.c">
			<Option target="gridstore"/>
		</Unit>
		<Unit filename="/Users/marcus/git/basement/src/frag.c">
			<Option target="gridstore"/>
		</Unit>
		<Unit filename="/Users/marcus/git/basement/src/frag_printer.c">
			<Option target="gridstore"/>
		</Unit>
		<Unit filename="/Users/marcus/git/basement/src/frag_printers/console_printer.c">
			<Option target="gridstore"/>
		</Unit>
		<Unit filename="/Users/marcus/git/basement/src/frags/frag_host_vm.c">
			<Option target="gridstore"/>
		</Unit>
		<Unit filename="/Users/marcus/git/basement/src/global.c">
			<Option target="gridstore"/>
		</Unit>
		<Unit filename="/Users/marcus/git/basement/src/grid.c">
			<Option target="gridstore"/>
		</Unit>
		<Unit filename="/Users/marcus/git/basement/src/grid_cursor.c">
			<Option target="gridstore"/>
		</Unit>
		<Unit filename="/Users/marcus/git/basement/src/gs_dispatcher.c">
			<Option target="gridstore"/>
		</Unit>
		<Unit filename="/Users/marcus/git/basement/src/gs_event.c">
			<Option target="gridstore"/>
		</Unit>
		<Unit filename="/Users/marcus/git/basement/src/gs_gridstore.c">
			<Option target="gridstore"/>
		</Unit>
		<Unit filename="/Users/marcus/git/basement/src/gs_shell.c">
			<Option target="gridstore"/>
		</Unit>
		<Unit filename="/Users/marcus/git/basement/src/hash.c">
			<Option target="gridstore"/>
		</Unit>
		<Unit filename="/Users/marcus/git/basement/src/indexes/hindex.c">
			<Option target="gridstore"/>
		</Unit>
		<Unit filename="/Users/marcus/git/basement/src/indexes/hindexes/lsearch_hindex.c">
			<Option target="gridstore"/>
		</Unit>
		<Unit filename="/Users/marcus/git/basement/src/indexes/vindex.c">
			<Option target="gridstore"/>
		</Unit>
		<Unit filename="/Users/marcus/git/basement/src/indexes/vindexes/hash_vindex.c">
			<Option target="gridstore"/>
		</Unit>
		<Unit filename="/Users/marcus/git/basement/src/inet/gs_request.c">
			<Option target="gridstore"/>
		</Unit>
		<Unit filename="/Users/marcus/git/basement/src/inet/gs_server.c">
			<Option target="gridstore"/>
		</Unit>
		<Unit filename="/Users/marcus/git/basement/src/inet/response.c">
			<Option target="gridstore"/>
		</Unit>
		<Unit filename="/Users/marcus/git/basement/src/interval.c">
			<Option target="gridstore"/>
		</Unit>
		<Unit filename="/Users/marcus/git/basement/src/mondrian.c">
			<Option target="gridstore"/>
		</Unit>
		<Unit filename="/Users/marcus/git/basement/src/mvm.c">
			<Option target="gridstore"/>
		</Unit>
		<Unit filename="/Users/marcus/git/basement/src/operators/scan.c">
			<Option target="gridstore"/>
		</Unit>
		<Unit filename="/Users/marcus/git/basement/src/pred.c">
			<Option target="gridstore"/>
		</Unit>
		<Unit filename="/Users/marcus/git/basement/src/pref.c">
			<Option target="gridstore"/>
		</Unit>
		<Unit filename="/Users/marcus/git/basement/src/progpool.c">
			<Option target="gridstore"/>
		</Unit>
		<Unit filename="/Users/marcus/git/basement/src/schema.c">
			<Option target="gridstore"/>
		</Unit>
		<Unit filename="/Users/marcus/git/basement/src/storage/memory.c">
			<Option target="gridstore"/>
		</Unit>
		<Unit filename="/Users/marcus/git/basement/src/timer.c">
			<Option target="gridstore"/>
		</Unit>
		<Unit filename="/Users/marcus/git/basement/src/tuple.c">
			<Option target="gridstore"/>
		</Unit>
		<Unit filename="/Users/marcus/git/basement/src/tuple_cursor.c">
			<Option target="gridstore"/>
		</Unit>
		<Unit filename="/Users/marcus/git/basement/src/tuple_field.c">
			<Option target="gridstore"/>
		</Unit>
		<Unit filename="/Users/marcus/git/basement/src/tuplet.c">
			<Option target="gridstore"/>
		</Unit>
		<Unit filename="/Users/marcus/git/basement/src/tuplet_field.c">
			<Option target="gridstore"/>
		</Unit>
		<Unit filename="/Users/marcus/git/basement/src/unsafe.c">
			<Option target="gridstore"/>
		</Unit>
		<Unit filename="/Users/marcus/git/basement/src/utils.c">
			<Option target="gridstore"/>
		</Unit>
		<Unit filename="/Users/marcus/git/basement/third-party/json-parser/json.c">
			<Option target="gridstore"/>
		</Unit>
		<Unit filename="/Users/marcus/git/basement/third-party/json-parser/json.h">
			<Option target="gridstore"/>
		</Unit>
		<Unit filename="/Users/marcus/git/basement/CMakeLists.txt">
			<Option virtualFolder="CMake Files\"/>
		</Unit>
		<Unit filename="/Users/marcus/git/basement/cmake/FindAPR.cmake">
			<Option virtualFolder="CMake Files\cmake\"/>
		</Unit>
	</Project>
</CodeBlocks_project_file>
