<?xml version="1.0" encoding="UTF-8"?>
<CodeBlocks_project_file>
	<FileVersion major="1" minor="6"/>
	<Project>
		<Option title="gridstore"/>
		<Option makefile_is_custom="1"/>
		<Option compiler="gcc"/>
		<Option virtualFolders="CMake Files\;"/>
		<Build>
			<Target title="all">
				<Option working_dir="/Users/marcus/git/basement"/>
				<Option type="4"/>
				<MakeCommands>
					<Build command="/usr/bin/make -j8 -f &quot;/Users/marcus/git/basement/Makefile&quot;  VERBOSE=1 all"/>
					<CompileFile command="/usr/bin/make -j8 -f &quot;/Users/marcus/git/basement/Makefile&quot;  VERBOSE=1 &quot;$file&quot;"/>
					<Clean command="/usr/bin/make -j8 -f &quot;/Users/marcus/git/basement/Makefile&quot;  VERBOSE=1 clean"/>
					<DistClean command="/usr/bin/make -j8 -f &quot;/Users/marcus/git/basement/Makefile&quot;  VERBOSE=1 clean"/>
				</MakeCommands>
			</Target>
			<Target title="doc">
				<Option working_dir="/Users/marcus/git/basement"/>
				<Option type="4"/>
				<MakeCommands>
					<Build command="/usr/bin/make -j8 -f &quot;/Users/marcus/git/basement/Makefile&quot;  VERBOSE=1 doc"/>
					<CompileFile command="/usr/bin/make -j8 -f &quot;/Users/marcus/git/basement/Makefile&quot;  VERBOSE=1 &quot;$file&quot;"/>
					<Clean command="/usr/bin/make -j8 -f &quot;/Users/marcus/git/basement/Makefile&quot;  VERBOSE=1 clean"/>
					<DistClean command="/usr/bin/make -j8 -f &quot;/Users/marcus/git/basement/Makefile&quot;  VERBOSE=1 clean"/>
				</MakeCommands>
			</Target>
			<Target title="buffmgr">
				<Option output="/Users/marcus/git/basement/bin/buffmgr" prefix_auto="0" extension_auto="0"/>
				<Option working_dir="/Users/marcus/git/basement/bin"/>
				<Option object_output="./"/>
				<Option type="1"/>
				<Option compiler="gcc"/>
				<Compiler>
					<Add directory="/Users/marcus/git/basement/include"/>
					<Add directory="/Users/marcus/git/basement/third-party"/>
					<Add directory="/usr/local/include"/>
					<Add directory="/Applications/Xcode.app/Contents/Developer/Toolchains/XcodeDefault.xctoolchain/usr/bin/../lib/clang/7.3.0/include"/>
					<Add directory="/Applications/Xcode.app/Contents/Developer/Toolchains/XcodeDefault.xctoolchain/usr/include"/>
					<Add directory="/System/Library/Frameworks"/>
					<Add directory="/Library/Frameworks"/>
					<Add directory="/Applications/Xcode.app/Contents/Developer/Toolchains/XcodeDefault.xctoolchain/usr/bin/../include/c++/v1"/>
				</Compiler>
				<MakeCommands>
					<Build command="/usr/bin/make -j8 -f &quot;/Users/marcus/git/basement/Makefile&quot;  VERBOSE=1 buffmgr"/>
					<CompileFile command="/usr/bin/make -j8 -f &quot;/Users/marcus/git/basement/Makefile&quot;  VERBOSE=1 &quot;$file&quot;"/>
					<Clean command="/usr/bin/make -j8 -f &quot;/Users/marcus/git/basement/Makefile&quot;  VERBOSE=1 clean"/>
					<DistClean command="/usr/bin/make -j8 -f &quot;/Users/marcus/git/basement/Makefile&quot;  VERBOSE=1 clean"/>
				</MakeCommands>
			</Target>
			<Target title="buffmgr/fast">
				<Option output="/Users/marcus/git/basement/bin/buffmgr" prefix_auto="0" extension_auto="0"/>
				<Option working_dir="/Users/marcus/git/basement/bin"/>
				<Option object_output="./"/>
				<Option type="1"/>
				<Option compiler="gcc"/>
				<Compiler>
					<Add directory="/Users/marcus/git/basement/include"/>
					<Add directory="/Users/marcus/git/basement/third-party"/>
					<Add directory="/usr/local/include"/>
					<Add directory="/Applications/Xcode.app/Contents/Developer/Toolchains/XcodeDefault.xctoolchain/usr/bin/../lib/clang/7.3.0/include"/>
					<Add directory="/Applications/Xcode.app/Contents/Developer/Toolchains/XcodeDefault.xctoolchain/usr/include"/>
					<Add directory="/System/Library/Frameworks"/>
					<Add directory="/Library/Frameworks"/>
					<Add directory="/Applications/Xcode.app/Contents/Developer/Toolchains/XcodeDefault.xctoolchain/usr/bin/../include/c++/v1"/>
				</Compiler>
				<MakeCommands>
					<Build command="/usr/bin/make -j8 -f &quot;/Users/marcus/git/basement/Makefile&quot;  VERBOSE=1 buffmgr/fast"/>
					<CompileFile command="/usr/bin/make -j8 -f &quot;/Users/marcus/git/basement/Makefile&quot;  VERBOSE=1 &quot;$file&quot;"/>
					<Clean command="/usr/bin/make -j8 -f &quot;/Users/marcus/git/basement/Makefile&quot;  VERBOSE=1 clean"/>
					<DistClean command="/usr/bin/make -j8 -f &quot;/Users/marcus/git/basement/Makefile&quot;  VERBOSE=1 clean"/>
				</MakeCommands>
			</Target>
			<Target title="gridtables">
				<Option output="/Users/marcus/git/basement/bin/gridtables" prefix_auto="0" extension_auto="0"/>
				<Option working_dir="/Users/marcus/git/basement/bin"/>
				<Option object_output="./"/>
				<Option type="1"/>
				<Option compiler="gcc"/>
				<Compiler>
					<Add directory="/Users/marcus/git/basement/include"/>
					<Add directory="/Users/marcus/git/basement/third-party"/>
					<Add directory="/usr/local/include"/>
					<Add directory="/Applications/Xcode.app/Contents/Developer/Toolchains/XcodeDefault.xctoolchain/usr/bin/../lib/clang/7.3.0/include"/>
					<Add directory="/Applications/Xcode.app/Contents/Developer/Toolchains/XcodeDefault.xctoolchain/usr/include"/>
					<Add directory="/System/Library/Frameworks"/>
					<Add directory="/Library/Frameworks"/>
					<Add directory="/Applications/Xcode.app/Contents/Developer/Toolchains/XcodeDefault.xctoolchain/usr/bin/../include/c++/v1"/>
				</Compiler>
				<MakeCommands>
					<Build command="/usr/bin/make -j8 -f &quot;/Users/marcus/git/basement/Makefile&quot;  VERBOSE=1 gridtables"/>
					<CompileFile command="/usr/bin/make -j8 -f &quot;/Users/marcus/git/basement/Makefile&quot;  VERBOSE=1 &quot;$file&quot;"/>
					<Clean command="/usr/bin/make -j8 -f &quot;/Users/marcus/git/basement/Makefile&quot;  VERBOSE=1 clean"/>
					<DistClean command="/usr/bin/make -j8 -f &quot;/Users/marcus/git/basement/Makefile&quot;  VERBOSE=1 clean"/>
				</MakeCommands>
			</Target>
			<Target title="gridtables/fast">
				<Option output="/Users/marcus/git/basement/bin/gridtables" prefix_auto="0" extension_auto="0"/>
				<Option working_dir="/Users/marcus/git/basement/bin"/>
				<Option object_output="./"/>
				<Option type="1"/>
				<Option compiler="gcc"/>
				<Compiler>
					<Add directory="/Users/marcus/git/basement/include"/>
					<Add directory="/Users/marcus/git/basement/third-party"/>
					<Add directory="/usr/local/include"/>
					<Add directory="/Applications/Xcode.app/Contents/Developer/Toolchains/XcodeDefault.xctoolchain/usr/bin/../lib/clang/7.3.0/include"/>
					<Add directory="/Applications/Xcode.app/Contents/Developer/Toolchains/XcodeDefault.xctoolchain/usr/include"/>
					<Add directory="/System/Library/Frameworks"/>
					<Add directory="/Library/Frameworks"/>
					<Add directory="/Applications/Xcode.app/Contents/Developer/Toolchains/XcodeDefault.xctoolchain/usr/bin/../include/c++/v1"/>
				</Compiler>
				<MakeCommands>
					<Build command="/usr/bin/make -j8 -f &quot;/Users/marcus/git/basement/Makefile&quot;  VERBOSE=1 gridtables/fast"/>
					<CompileFile command="/usr/bin/make -j8 -f &quot;/Users/marcus/git/basement/Makefile&quot;  VERBOSE=1 &quot;$file&quot;"/>
					<Clean command="/usr/bin/make -j8 -f &quot;/Users/marcus/git/basement/Makefile&quot;  VERBOSE=1 clean"/>
					<DistClean command="/usr/bin/make -j8 -f &quot;/Users/marcus/git/basement/Makefile&quot;  VERBOSE=1 clean"/>
				</MakeCommands>
			</Target>
			<Target title="edit_cache">
				<Option working_dir="/Users/marcus/git/basement"/>
				<Option type="4"/>
				<MakeCommands>
					<Build command="/usr/bin/make -j8 -f &quot;/Users/marcus/git/basement/Makefile&quot;  VERBOSE=1 edit_cache"/>
					<CompileFile command="/usr/bin/make -j8 -f &quot;/Users/marcus/git/basement/Makefile&quot;  VERBOSE=1 &quot;$file&quot;"/>
					<Clean command="/usr/bin/make -j8 -f &quot;/Users/marcus/git/basement/Makefile&quot;  VERBOSE=1 clean"/>
					<DistClean command="/usr/bin/make -j8 -f &quot;/Users/marcus/git/basement/Makefile&quot;  VERBOSE=1 clean"/>
				</MakeCommands>
			</Target>
			<Target title="sample_linuxwc">
				<Option output="/Users/marcus/git/basement/bin/sample_linuxwc" prefix_auto="0" extension_auto="0"/>
				<Option working_dir="/Users/marcus/git/basement/bin"/>
				<Option object_output="./"/>
				<Option type="1"/>
				<Option compiler="gcc"/>
				<Compiler>
					<Add directory="/Users/marcus/git/basement/include"/>
					<Add directory="/Users/marcus/git/basement/third-party"/>
					<Add directory="/usr/local/include"/>
					<Add directory="/Applications/Xcode.app/Contents/Developer/Toolchains/XcodeDefault.xctoolchain/usr/bin/../lib/clang/7.3.0/include"/>
					<Add directory="/Applications/Xcode.app/Contents/Developer/Toolchains/XcodeDefault.xctoolchain/usr/include"/>
					<Add directory="/System/Library/Frameworks"/>
					<Add directory="/Library/Frameworks"/>
					<Add directory="/Applications/Xcode.app/Contents/Developer/Toolchains/XcodeDefault.xctoolchain/usr/bin/../include/c++/v1"/>
				</Compiler>
				<MakeCommands>
					<Build command="/usr/bin/make -j8 -f &quot;/Users/marcus/git/basement/Makefile&quot;  VERBOSE=1 sample_linuxwc"/>
					<CompileFile command="/usr/bin/make -j8 -f &quot;/Users/marcus/git/basement/Makefile&quot;  VERBOSE=1 &quot;$file&quot;"/>
					<Clean command="/usr/bin/make -j8 -f &quot;/Users/marcus/git/basement/Makefile&quot;  VERBOSE=1 clean"/>
					<DistClean command="/usr/bin/make -j8 -f &quot;/Users/marcus/git/basement/Makefile&quot;  VERBOSE=1 clean"/>
				</MakeCommands>
			</Target>
			<Target title="sample_linuxwc/fast">
				<Option output="/Users/marcus/git/basement/bin/sample_linuxwc" prefix_auto="0" extension_auto="0"/>
				<Option working_dir="/Users/marcus/git/basement/bin"/>
				<Option object_output="./"/>
				<Option type="1"/>
				<Option compiler="gcc"/>
				<Compiler>
					<Add directory="/Users/marcus/git/basement/include"/>
					<Add directory="/Users/marcus/git/basement/third-party"/>
					<Add directory="/usr/local/include"/>
					<Add directory="/Applications/Xcode.app/Contents/Developer/Toolchains/XcodeDefault.xctoolchain/usr/bin/../lib/clang/7.3.0/include"/>
					<Add directory="/Applications/Xcode.app/Contents/Developer/Toolchains/XcodeDefault.xctoolchain/usr/include"/>
					<Add directory="/System/Library/Frameworks"/>
					<Add directory="/Library/Frameworks"/>
					<Add directory="/Applications/Xcode.app/Contents/Developer/Toolchains/XcodeDefault.xctoolchain/usr/bin/../include/c++/v1"/>
				</Compiler>
				<MakeCommands>
					<Build command="/usr/bin/make -j8 -f &quot;/Users/marcus/git/basement/Makefile&quot;  VERBOSE=1 sample_linuxwc/fast"/>
					<CompileFile command="/usr/bin/make -j8 -f &quot;/Users/marcus/git/basement/Makefile&quot;  VERBOSE=1 &quot;$file&quot;"/>
					<Clean command="/usr/bin/make -j8 -f &quot;/Users/marcus/git/basement/Makefile&quot;  VERBOSE=1 clean"/>
					<DistClean command="/usr/bin/make -j8 -f &quot;/Users/marcus/git/basement/Makefile&quot;  VERBOSE=1 clean"/>
				</MakeCommands>
			</Target>
			<Target title="sample_lin_hash">
				<Option output="/Users/marcus/git/basement/bin/sample_lin_hash" prefix_auto="0" extension_auto="0"/>
				<Option working_dir="/Users/marcus/git/basement/bin"/>
				<Option object_output="./"/>
				<Option type="1"/>
				<Option compiler="gcc"/>
				<Compiler>
					<Add directory="/Users/marcus/git/basement/include"/>
					<Add directory="/Users/marcus/git/basement/third-party"/>
					<Add directory="/usr/local/include"/>
					<Add directory="/Applications/Xcode.app/Contents/Developer/Toolchains/XcodeDefault.xctoolchain/usr/bin/../lib/clang/7.3.0/include"/>
					<Add directory="/Applications/Xcode.app/Contents/Developer/Toolchains/XcodeDefault.xctoolchain/usr/include"/>
					<Add directory="/System/Library/Frameworks"/>
					<Add directory="/Library/Frameworks"/>
					<Add directory="/Applications/Xcode.app/Contents/Developer/Toolchains/XcodeDefault.xctoolchain/usr/bin/../include/c++/v1"/>
				</Compiler>
				<MakeCommands>
					<Build command="/usr/bin/make -j8 -f &quot;/Users/marcus/git/basement/Makefile&quot;  VERBOSE=1 sample_lin_hash"/>
					<CompileFile command="/usr/bin/make -j8 -f &quot;/Users/marcus/git/basement/Makefile&quot;  VERBOSE=1 &quot;$file&quot;"/>
					<Clean command="/usr/bin/make -j8 -f &quot;/Users/marcus/git/basement/Makefile&quot;  VERBOSE=1 clean"/>
					<DistClean command="/usr/bin/make -j8 -f &quot;/Users/marcus/git/basement/Makefile&quot;  VERBOSE=1 clean"/>
				</MakeCommands>
			</Target>
			<Target title="sample_lin_hash/fast">
				<Option output="/Users/marcus/git/basement/bin/sample_lin_hash" prefix_auto="0" extension_auto="0"/>
				<Option working_dir="/Users/marcus/git/basement/bin"/>
				<Option object_output="./"/>
				<Option type="1"/>
				<Option compiler="gcc"/>
				<Compiler>
					<Add directory="/Users/marcus/git/basement/include"/>
					<Add directory="/Users/marcus/git/basement/third-party"/>
					<Add directory="/usr/local/include"/>
					<Add directory="/Applications/Xcode.app/Contents/Developer/Toolchains/XcodeDefault.xctoolchain/usr/bin/../lib/clang/7.3.0/include"/>
					<Add directory="/Applications/Xcode.app/Contents/Developer/Toolchains/XcodeDefault.xctoolchain/usr/include"/>
					<Add directory="/System/Library/Frameworks"/>
					<Add directory="/Library/Frameworks"/>
					<Add directory="/Applications/Xcode.app/Contents/Developer/Toolchains/XcodeDefault.xctoolchain/usr/bin/../include/c++/v1"/>
				</Compiler>
				<MakeCommands>
					<Build command="/usr/bin/make -j8 -f &quot;/Users/marcus/git/basement/Makefile&quot;  VERBOSE=1 sample_lin_hash/fast"/>
					<CompileFile command="/usr/bin/make -j8 -f &quot;/Users/marcus/git/basement/Makefile&quot;  VERBOSE=1 &quot;$file&quot;"/>
					<Clean command="/usr/bin/make -j8 -f &quot;/Users/marcus/git/basement/Makefile&quot;  VERBOSE=1 clean"/>
					<DistClean command="/usr/bin/make -j8 -f &quot;/Users/marcus/git/basement/Makefile&quot;  VERBOSE=1 clean"/>
				</MakeCommands>
			</Target>
			<Target title="basement">
				<Option output="/Users/marcus/git/basement/bin/basement" prefix_auto="0" extension_auto="0"/>
				<Option working_dir="/Users/marcus/git/basement/bin"/>
				<Option object_output="./"/>
				<Option type="1"/>
				<Option compiler="gcc"/>
				<Compiler>
					<Add directory="/Users/marcus/git/basement/include"/>
					<Add directory="/Users/marcus/git/basement/third-party"/>
					<Add directory="/usr/local/include"/>
					<Add directory="/Applications/Xcode.app/Contents/Developer/Toolchains/XcodeDefault.xctoolchain/usr/bin/../lib/clang/7.3.0/include"/>
					<Add directory="/Applications/Xcode.app/Contents/Developer/Toolchains/XcodeDefault.xctoolchain/usr/include"/>
					<Add directory="/System/Library/Frameworks"/>
					<Add directory="/Library/Frameworks"/>
					<Add directory="/Applications/Xcode.app/Contents/Developer/Toolchains/XcodeDefault.xctoolchain/usr/bin/../include/c++/v1"/>
				</Compiler>
				<MakeCommands>
					<Build command="/usr/bin/make -j8 -f &quot;/Users/marcus/git/basement/Makefile&quot;  VERBOSE=1 basement"/>
					<CompileFile command="/usr/bin/make -j8 -f &quot;/Users/marcus/git/basement/Makefile&quot;  VERBOSE=1 &quot;$file&quot;"/>
					<Clean command="/usr/bin/make -j8 -f &quot;/Users/marcus/git/basement/Makefile&quot;  VERBOSE=1 clean"/>
					<DistClean command="/usr/bin/make -j8 -f &quot;/Users/marcus/git/basement/Makefile&quot;  VERBOSE=1 clean"/>
				</MakeCommands>
			</Target>
			<Target title="basement/fast">
				<Option output="/Users/marcus/git/basement/bin/basement" prefix_auto="0" extension_auto="0"/>
				<Option working_dir="/Users/marcus/git/basement/bin"/>
				<Option object_output="./"/>
				<Option type="1"/>
				<Option compiler="gcc"/>
				<Compiler>
					<Add directory="/Users/marcus/git/basement/include"/>
					<Add directory="/Users/marcus/git/basement/third-party"/>
					<Add directory="/usr/local/include"/>
					<Add directory="/Applications/Xcode.app/Contents/Developer/Toolchains/XcodeDefault.xctoolchain/usr/bin/../lib/clang/7.3.0/include"/>
					<Add directory="/Applications/Xcode.app/Contents/Developer/Toolchains/XcodeDefault.xctoolchain/usr/include"/>
					<Add directory="/System/Library/Frameworks"/>
					<Add directory="/Library/Frameworks"/>
					<Add directory="/Applications/Xcode.app/Contents/Developer/Toolchains/XcodeDefault.xctoolchain/usr/bin/../include/c++/v1"/>
				</Compiler>
				<MakeCommands>
					<Build command="/usr/bin/make -j8 -f &quot;/Users/marcus/git/basement/Makefile&quot;  VERBOSE=1 basement/fast"/>
					<CompileFile command="/usr/bin/make -j8 -f &quot;/Users/marcus/git/basement/Makefile&quot;  VERBOSE=1 &quot;$file&quot;"/>
					<Clean command="/usr/bin/make -j8 -f &quot;/Users/marcus/git/basement/Makefile&quot;  VERBOSE=1 clean"/>
					<DistClean command="/usr/bin/make -j8 -f &quot;/Users/marcus/git/basement/Makefile&quot;  VERBOSE=1 clean"/>
				</MakeCommands>
			</Target>
			<Target title="rebuild_cache">
				<Option working_dir="/Users/marcus/git/basement"/>
				<Option type="4"/>
				<MakeCommands>
					<Build command="/usr/bin/make -j8 -f &quot;/Users/marcus/git/basement/Makefile&quot;  VERBOSE=1 rebuild_cache"/>
					<CompileFile command="/usr/bin/make -j8 -f &quot;/Users/marcus/git/basement/Makefile&quot;  VERBOSE=1 &quot;$file&quot;"/>
					<Clean command="/usr/bin/make -j8 -f &quot;/Users/marcus/git/basement/Makefile&quot;  VERBOSE=1 clean"/>
					<DistClean command="/usr/bin/make -j8 -f &quot;/Users/marcus/git/basement/Makefile&quot;  VERBOSE=1 clean"/>
				</MakeCommands>
			</Target>
			<Target title="expr">
				<Option output="/Users/marcus/git/basement/bin/expr" prefix_auto="0" extension_auto="0"/>
				<Option working_dir="/Users/marcus/git/basement/bin"/>
				<Option object_output="./"/>
				<Option type="1"/>
				<Option compiler="gcc"/>
				<Compiler>
					<Add directory="/Users/marcus/git/basement/include"/>
					<Add directory="/Users/marcus/git/basement/third-party"/>
					<Add directory="/usr/local/include"/>
					<Add directory="/Applications/Xcode.app/Contents/Developer/Toolchains/XcodeDefault.xctoolchain/usr/bin/../lib/clang/7.3.0/include"/>
					<Add directory="/Applications/Xcode.app/Contents/Developer/Toolchains/XcodeDefault.xctoolchain/usr/include"/>
					<Add directory="/System/Library/Frameworks"/>
					<Add directory="/Library/Frameworks"/>
					<Add directory="/Applications/Xcode.app/Contents/Developer/Toolchains/XcodeDefault.xctoolchain/usr/bin/../include/c++/v1"/>
				</Compiler>
				<MakeCommands>
					<Build command="/usr/bin/make -j8 -f &quot;/Users/marcus/git/basement/Makefile&quot;  VERBOSE=1 expr"/>
					<CompileFile command="/usr/bin/make -j8 -f &quot;/Users/marcus/git/basement/Makefile&quot;  VERBOSE=1 &quot;$file&quot;"/>
					<Clean command="/usr/bin/make -j8 -f &quot;/Users/marcus/git/basement/Makefile&quot;  VERBOSE=1 clean"/>
					<DistClean command="/usr/bin/make -j8 -f &quot;/Users/marcus/git/basement/Makefile&quot;  VERBOSE=1 clean"/>
				</MakeCommands>
			</Target>
			<Target title="expr/fast">
				<Option output="/Users/marcus/git/basement/bin/expr" prefix_auto="0" extension_auto="0"/>
				<Option working_dir="/Users/marcus/git/basement/bin"/>
				<Option object_output="./"/>
				<Option type="1"/>
				<Option compiler="gcc"/>
				<Compiler>
					<Add directory="/Users/marcus/git/basement/include"/>
					<Add directory="/Users/marcus/git/basement/third-party"/>
					<Add directory="/usr/local/include"/>
					<Add directory="/Applications/Xcode.app/Contents/Developer/Toolchains/XcodeDefault.xctoolchain/usr/bin/../lib/clang/7.3.0/include"/>
					<Add directory="/Applications/Xcode.app/Contents/Developer/Toolchains/XcodeDefault.xctoolchain/usr/include"/>
					<Add directory="/System/Library/Frameworks"/>
					<Add directory="/Library/Frameworks"/>
					<Add directory="/Applications/Xcode.app/Contents/Developer/Toolchains/XcodeDefault.xctoolchain/usr/bin/../include/c++/v1"/>
				</Compiler>
				<MakeCommands>
					<Build command="/usr/bin/make -j8 -f &quot;/Users/marcus/git/basement/Makefile&quot;  VERBOSE=1 expr/fast"/>
					<CompileFile command="/usr/bin/make -j8 -f &quot;/Users/marcus/git/basement/Makefile&quot;  VERBOSE=1 &quot;$file&quot;"/>
					<Clean command="/usr/bin/make -j8 -f &quot;/Users/marcus/git/basement/Makefile&quot;  VERBOSE=1 clean"/>
					<DistClean command="/usr/bin/make -j8 -f &quot;/Users/marcus/git/basement/Makefile&quot;  VERBOSE=1 clean"/>
				</MakeCommands>
			</Target>
			<Target title="mondrian">
				<Option output="/Users/marcus/git/basement/bin/mondrian" prefix_auto="0" extension_auto="0"/>
				<Option working_dir="/Users/marcus/git/basement/bin"/>
				<Option object_output="./"/>
				<Option type="1"/>
				<Option compiler="gcc"/>
				<Compiler>
					<Add directory="/Users/marcus/git/basement/include"/>
					<Add directory="/Users/marcus/git/basement/third-party"/>
					<Add directory="/usr/local/include"/>
					<Add directory="/Applications/Xcode.app/Contents/Developer/Toolchains/XcodeDefault.xctoolchain/usr/bin/../lib/clang/7.3.0/include"/>
					<Add directory="/Applications/Xcode.app/Contents/Developer/Toolchains/XcodeDefault.xctoolchain/usr/include"/>
					<Add directory="/System/Library/Frameworks"/>
					<Add directory="/Library/Frameworks"/>
					<Add directory="/Applications/Xcode.app/Contents/Developer/Toolchains/XcodeDefault.xctoolchain/usr/bin/../include/c++/v1"/>
				</Compiler>
				<MakeCommands>
					<Build command="/usr/bin/make -j8 -f &quot;/Users/marcus/git/basement/Makefile&quot;  VERBOSE=1 mondrian"/>
					<CompileFile command="/usr/bin/make -j8 -f &quot;/Users/marcus/git/basement/Makefile&quot;  VERBOSE=1 &quot;$file&quot;"/>
					<Clean command="/usr/bin/make -j8 -f &quot;/Users/marcus/git/basement/Makefile&quot;  VERBOSE=1 clean"/>
					<DistClean command="/usr/bin/make -j8 -f &quot;/Users/marcus/git/basement/Makefile&quot;  VERBOSE=1 clean"/>
				</MakeCommands>
			</Target>
			<Target title="mondrian/fast">
				<Option output="/Users/marcus/git/basement/bin/mondrian" prefix_auto="0" extension_auto="0"/>
				<Option working_dir="/Users/marcus/git/basement/bin"/>
				<Option object_output="./"/>
				<Option type="1"/>
				<Option compiler="gcc"/>
				<Compiler>
					<Add directory="/Users/marcus/git/basement/include"/>
					<Add directory="/Users/marcus/git/basement/third-party"/>
					<Add directory="/usr/local/include"/>
					<Add directory="/Applications/Xcode.app/Contents/Developer/Toolchains/XcodeDefault.xctoolchain/usr/bin/../lib/clang/7.3.0/include"/>
					<Add directory="/Applications/Xcode.app/Contents/Developer/Toolchains/XcodeDefault.xctoolchain/usr/include"/>
					<Add directory="/System/Library/Frameworks"/>
					<Add directory="/Library/Frameworks"/>
					<Add directory="/Applications/Xcode.app/Contents/Developer/Toolchains/XcodeDefault.xctoolchain/usr/bin/../include/c++/v1"/>
				</Compiler>
				<MakeCommands>
					<Build command="/usr/bin/make -j8 -f &quot;/Users/marcus/git/basement/Makefile&quot;  VERBOSE=1 mondrian/fast"/>
					<CompileFile command="/usr/bin/make -j8 -f &quot;/Users/marcus/git/basement/Makefile&quot;  VERBOSE=1 &quot;$file&quot;"/>
					<Clean command="/usr/bin/make -j8 -f &quot;/Users/marcus/git/basement/Makefile&quot;  VERBOSE=1 clean"/>
					<DistClean command="/usr/bin/make -j8 -f &quot;/Users/marcus/git/basement/Makefile&quot;  VERBOSE=1 clean"/>
				</MakeCommands>
			</Target>
		</Build>
		<Unit filename="/Users/marcus/git/basement/basement.c">
			<Option target="basement"/>
		</Unit>
		<Unit filename="/Users/marcus/git/basement/include/async.h">
			<Option target="buffmgr"/>
			<Option target="gridtables"/>
			<Option target="sample_linuxwc"/>
			<Option target="sample_lin_hash"/>
			<Option target="basement"/>
			<Option target="expr"/>
			<Option target="mondrian"/>
		</Unit>
		<Unit filename="/Users/marcus/git/basement/include/attr.h">
			<Option target="buffmgr"/>
			<Option target="gridtables"/>
			<Option target="sample_linuxwc"/>
			<Option target="sample_lin_hash"/>
			<Option target="basement"/>
			<Option target="expr"/>
			<Option target="mondrian"/>
		</Unit>
		<Unit filename="/Users/marcus/git/basement/include/c11threads.h">
			<Option target="buffmgr"/>
			<Option target="gridtables"/>
			<Option target="sample_linuxwc"/>
			<Option target="sample_lin_hash"/>
			<Option target="basement"/>
			<Option target="expr"/>
			<Option target="mondrian"/>
		</Unit>
		<Unit filename="/Users/marcus/git/basement/include/conf.h">
			<Option target="buffmgr"/>
			<Option target="gridtables"/>
			<Option target="sample_linuxwc"/>
			<Option target="sample_lin_hash"/>
			<Option target="basement"/>
			<Option target="expr"/>
			<Option target="mondrian"/>
		</Unit>
		<Unit filename="/Users/marcus/git/basement/include/containers/dict.h">
			<Option target="buffmgr"/>
			<Option target="gridtables"/>
			<Option target="sample_linuxwc"/>
			<Option target="sample_lin_hash"/>
			<Option target="basement"/>
			<Option target="expr"/>
			<Option target="mondrian"/>
		</Unit>
		<Unit filename="/Users/marcus/git/basement/include/containers/dicts/hash_table.h">
			<Option target="buffmgr"/>
			<Option target="gridtables"/>
			<Option target="sample_linuxwc"/>
			<Option target="sample_lin_hash"/>
			<Option target="basement"/>
			<Option target="expr"/>
			<Option target="mondrian"/>
		</Unit>
		<Unit filename="/Users/marcus/git/basement/include/containers/freelist.h">
			<Option target="buffmgr"/>
			<Option target="gridtables"/>
			<Option target="sample_linuxwc"/>
			<Option target="sample_lin_hash"/>
			<Option target="basement"/>
			<Option target="expr"/>
			<Option target="mondrian"/>
		</Unit>
		<Unit filename="/Users/marcus/git/basement/include/containers/hashset.h">
			<Option target="buffmgr"/>
			<Option target="gridtables"/>
			<Option target="sample_linuxwc"/>
			<Option target="sample_lin_hash"/>
			<Option target="basement"/>
			<Option target="expr"/>
			<Option target="mondrian"/>
		</Unit>
		<Unit filename="/Users/marcus/git/basement/include/containers/list.h">
			<Option target="buffmgr"/>
			<Option target="gridtables"/>
			<Option target="sample_linuxwc"/>
			<Option target="sample_lin_hash"/>
			<Option target="basement"/>
			<Option target="expr"/>
			<Option target="mondrian"/>
		</Unit>
		<Unit filename="/Users/marcus/git/basement/include/containers/vec.h">
			<Option target="buffmgr"/>
			<Option target="gridtables"/>
			<Option target="sample_linuxwc"/>
			<Option target="sample_lin_hash"/>
			<Option target="basement"/>
			<Option target="expr"/>
			<Option target="mondrian"/>
		</Unit>
		<Unit filename="/Users/marcus/git/basement/include/debug.h">
			<Option target="buffmgr"/>
			<Option target="gridtables"/>
			<Option target="sample_linuxwc"/>
			<Option target="sample_lin_hash"/>
			<Option target="basement"/>
			<Option target="expr"/>
			<Option target="mondrian"/>
		</Unit>
		<Unit filename="/Users/marcus/git/basement/include/error.h">
			<Option target="buffmgr"/>
			<Option target="gridtables"/>
			<Option target="sample_linuxwc"/>
			<Option target="sample_lin_hash"/>
			<Option target="basement"/>
			<Option target="expr"/>
			<Option target="mondrian"/>
		</Unit>
		<Unit filename="/Users/marcus/git/basement/include/field_type.h">
			<Option target="buffmgr"/>
			<Option target="gridtables"/>
			<Option target="sample_linuxwc"/>
			<Option target="sample_lin_hash"/>
			<Option target="basement"/>
			<Option target="expr"/>
			<Option target="mondrian"/>
		</Unit>
		<Unit filename="/Users/marcus/git/basement/include/frag.h">
			<Option target="buffmgr"/>
			<Option target="gridtables"/>
			<Option target="sample_linuxwc"/>
			<Option target="sample_lin_hash"/>
			<Option target="basement"/>
			<Option target="expr"/>
			<Option target="mondrian"/>
		</Unit>
		<Unit filename="/Users/marcus/git/basement/include/frag_printer.h">
			<Option target="buffmgr"/>
			<Option target="gridtables"/>
			<Option target="sample_linuxwc"/>
			<Option target="sample_lin_hash"/>
			<Option target="basement"/>
			<Option target="expr"/>
			<Option target="mondrian"/>
		</Unit>
		<Unit filename="/Users/marcus/git/basement/include/frag_printers/console_printer.h">
			<Option target="buffmgr"/>
			<Option target="gridtables"/>
			<Option target="sample_linuxwc"/>
			<Option target="sample_lin_hash"/>
			<Option target="basement"/>
			<Option target="expr"/>
			<Option target="mondrian"/>
		</Unit>
		<Unit filename="/Users/marcus/git/basement/include/frags/frag_host_vm.h">
			<Option target="buffmgr"/>
			<Option target="gridtables"/>
			<Option target="sample_linuxwc"/>
			<Option target="sample_lin_hash"/>
			<Option target="basement"/>
			<Option target="expr"/>
			<Option target="mondrian"/>
		</Unit>
		<Unit filename="/Users/marcus/git/basement/include/global.h">
			<Option target="buffmgr"/>
			<Option target="gridtables"/>
			<Option target="sample_linuxwc"/>
			<Option target="sample_lin_hash"/>
			<Option target="basement"/>
			<Option target="expr"/>
			<Option target="mondrian"/>
		</Unit>
		<Unit filename="/Users/marcus/git/basement/include/grid.h">
			<Option target="buffmgr"/>
			<Option target="gridtables"/>
			<Option target="sample_linuxwc"/>
			<Option target="sample_lin_hash"/>
			<Option target="basement"/>
			<Option target="expr"/>
			<Option target="mondrian"/>
		</Unit>
		<Unit filename="/Users/marcus/git/basement/include/grid_cursor.h">
			<Option target="buffmgr"/>
			<Option target="gridtables"/>
			<Option target="sample_linuxwc"/>
			<Option target="sample_lin_hash"/>
			<Option target="basement"/>
			<Option target="expr"/>
			<Option target="mondrian"/>
		</Unit>
		<Unit filename="/Users/marcus/git/basement/include/hash.h">
			<Option target="buffmgr"/>
			<Option target="gridtables"/>
			<Option target="sample_linuxwc"/>
			<Option target="sample_lin_hash"/>
			<Option target="basement"/>
			<Option target="expr"/>
			<Option target="mondrian"/>
		</Unit>
		<Unit filename="/Users/marcus/git/basement/include/indexes/hindex.h">
			<Option target="buffmgr"/>
			<Option target="gridtables"/>
			<Option target="sample_linuxwc"/>
			<Option target="sample_lin_hash"/>
			<Option target="basement"/>
			<Option target="expr"/>
			<Option target="mondrian"/>
		</Unit>
		<Unit filename="/Users/marcus/git/basement/include/indexes/hindexes/lsearch_hindex.h">
			<Option target="buffmgr"/>
			<Option target="gridtables"/>
			<Option target="sample_linuxwc"/>
			<Option target="sample_lin_hash"/>
			<Option target="basement"/>
			<Option target="expr"/>
			<Option target="mondrian"/>
		</Unit>
		<Unit filename="/Users/marcus/git/basement/include/indexes/vindex.h">
			<Option target="buffmgr"/>
			<Option target="gridtables"/>
			<Option target="sample_linuxwc"/>
			<Option target="sample_lin_hash"/>
			<Option target="basement"/>
			<Option target="expr"/>
			<Option target="mondrian"/>
		</Unit>
		<Unit filename="/Users/marcus/git/basement/include/indexes/vindexes/hash_vindex.h">
			<Option target="buffmgr"/>
			<Option target="gridtables"/>
			<Option target="sample_linuxwc"/>
			<Option target="sample_lin_hash"/>
			<Option target="basement"/>
			<Option target="expr"/>
			<Option target="mondrian"/>
		</Unit>
		<Unit filename="/Users/marcus/git/basement/include/inet/request.h">
			<Option target="buffmgr"/>
			<Option target="gridtables"/>
			<Option target="sample_linuxwc"/>
			<Option target="sample_lin_hash"/>
			<Option target="basement"/>
			<Option target="expr"/>
			<Option target="mondrian"/>
		</Unit>
		<Unit filename="/Users/marcus/git/basement/include/inet/response.h">
			<Option target="buffmgr"/>
			<Option target="gridtables"/>
			<Option target="sample_linuxwc"/>
			<Option target="sample_lin_hash"/>
			<Option target="basement"/>
			<Option target="expr"/>
			<Option target="mondrian"/>
		</Unit>
		<Unit filename="/Users/marcus/git/basement/include/inet/server.h">
			<Option target="buffmgr"/>
			<Option target="gridtables"/>
			<Option target="sample_linuxwc"/>
			<Option target="sample_lin_hash"/>
			<Option target="basement"/>
			<Option target="expr"/>
			<Option target="mondrian"/>
		</Unit>
		<Unit filename="/Users/marcus/git/basement/include/interval.h">
			<Option target="buffmgr"/>
			<Option target="gridtables"/>
			<Option target="sample_linuxwc"/>
			<Option target="sample_lin_hash"/>
			<Option target="basement"/>
			<Option target="expr"/>
			<Option target="mondrian"/>
		</Unit>
		<Unit filename="/Users/marcus/git/basement/include/mondrian.h">
			<Option target="buffmgr"/>
			<Option target="gridtables"/>
			<Option target="sample_linuxwc"/>
			<Option target="sample_lin_hash"/>
			<Option target="basement"/>
			<Option target="expr"/>
			<Option target="mondrian"/>
		</Unit>
		<Unit filename="/Users/marcus/git/basement/include/msg.h">
			<Option target="buffmgr"/>
			<Option target="gridtables"/>
			<Option target="sample_linuxwc"/>
			<Option target="sample_lin_hash"/>
			<Option target="basement"/>
			<Option target="expr"/>
			<Option target="mondrian"/>
		</Unit>
		<Unit filename="/Users/marcus/git/basement/include/mvm.h">
			<Option target="buffmgr"/>
			<Option target="gridtables"/>
			<Option target="sample_linuxwc"/>
			<Option target="sample_lin_hash"/>
			<Option target="basement"/>
			<Option target="expr"/>
			<Option target="mondrian"/>
		</Unit>
		<Unit filename="/Users/marcus/git/basement/include/operators/scan.h">
			<Option target="buffmgr"/>
			<Option target="gridtables"/>
			<Option target="sample_linuxwc"/>
			<Option target="sample_lin_hash"/>
			<Option target="basement"/>
			<Option target="expr"/>
			<Option target="mondrian"/>
		</Unit>
		<Unit filename="/Users/marcus/git/basement/include/pred.h">
			<Option target="buffmgr"/>
			<Option target="gridtables"/>
			<Option target="sample_linuxwc"/>
			<Option target="sample_lin_hash"/>
			<Option target="basement"/>
			<Option target="expr"/>
			<Option target="mondrian"/>
		</Unit>
		<Unit filename="/Users/marcus/git/basement/include/pref.h">
			<Option target="buffmgr"/>
			<Option target="gridtables"/>
			<Option target="sample_linuxwc"/>
			<Option target="sample_lin_hash"/>
			<Option target="basement"/>
			<Option target="expr"/>
			<Option target="mondrian"/>
		</Unit>
		<Unit filename="/Users/marcus/git/basement/include/progpool.h">
			<Option target="buffmgr"/>
			<Option target="gridtables"/>
			<Option target="sample_linuxwc"/>
			<Option target="sample_lin_hash"/>
			<Option target="basement"/>
			<Option target="expr"/>
			<Option target="mondrian"/>
		</Unit>
		<Unit filename="/Users/marcus/git/basement/include/require.h">
			<Option target="buffmgr"/>
			<Option target="gridtables"/>
			<Option target="sample_linuxwc"/>
			<Option target="sample_lin_hash"/>
			<Option target="basement"/>
			<Option target="expr"/>
			<Option target="mondrian"/>
		</Unit>
		<Unit filename="/Users/marcus/git/basement/include/routers/api/types/create/router.h">
			<Option target="buffmgr"/>
			<Option target="gridtables"/>
			<Option target="sample_linuxwc"/>
			<Option target="sample_lin_hash"/>
			<Option target="basement"/>
			<Option target="expr"/>
			<Option target="mondrian"/>
		</Unit>
		<Unit filename="/Users/marcus/git/basement/include/schema.h">
			<Option target="buffmgr"/>
			<Option target="gridtables"/>
			<Option target="sample_linuxwc"/>
			<Option target="sample_lin_hash"/>
			<Option target="basement"/>
			<Option target="expr"/>
			<Option target="mondrian"/>
		</Unit>
		<Unit filename="/Users/marcus/git/basement/include/stdinc.h">
			<Option target="buffmgr"/>
			<Option target="gridtables"/>
			<Option target="sample_linuxwc"/>
			<Option target="sample_lin_hash"/>
			<Option target="basement"/>
			<Option target="expr"/>
			<Option target="mondrian"/>
		</Unit>
		<Unit filename="/Users/marcus/git/basement/include/storage/memory.h">
			<Option target="buffmgr"/>
			<Option target="gridtables"/>
			<Option target="sample_linuxwc"/>
			<Option target="sample_lin_hash"/>
			<Option target="basement"/>
			<Option target="expr"/>
			<Option target="mondrian"/>
		</Unit>
		<Unit filename="/Users/marcus/git/basement/include/tableimg.h">
			<Option target="buffmgr"/>
			<Option target="gridtables"/>
			<Option target="sample_linuxwc"/>
			<Option target="sample_lin_hash"/>
			<Option target="basement"/>
			<Option target="expr"/>
			<Option target="mondrian"/>
		</Unit>
		<Unit filename="/Users/marcus/git/basement/include/timer.h">
			<Option target="buffmgr"/>
			<Option target="gridtables"/>
			<Option target="sample_linuxwc"/>
			<Option target="sample_lin_hash"/>
			<Option target="basement"/>
			<Option target="expr"/>
			<Option target="mondrian"/>
		</Unit>
		<Unit filename="/Users/marcus/git/basement/include/tuple.h">
			<Option target="buffmgr"/>
			<Option target="gridtables"/>
			<Option target="sample_linuxwc"/>
			<Option target="sample_lin_hash"/>
			<Option target="basement"/>
			<Option target="expr"/>
			<Option target="mondrian"/>
		</Unit>
		<Unit filename="/Users/marcus/git/basement/include/tuple_cursor.h">
			<Option target="buffmgr"/>
			<Option target="gridtables"/>
			<Option target="sample_linuxwc"/>
			<Option target="sample_lin_hash"/>
			<Option target="basement"/>
			<Option target="expr"/>
			<Option target="mondrian"/>
		</Unit>
		<Unit filename="/Users/marcus/git/basement/include/tuple_field.h">
			<Option target="buffmgr"/>
			<Option target="gridtables"/>
			<Option target="sample_linuxwc"/>
			<Option target="sample_lin_hash"/>
			<Option target="basement"/>
			<Option target="expr"/>
			<Option target="mondrian"/>
		</Unit>
		<Unit filename="/Users/marcus/git/basement/include/tuplet.h">
			<Option target="buffmgr"/>
			<Option target="gridtables"/>
			<Option target="sample_linuxwc"/>
			<Option target="sample_lin_hash"/>
			<Option target="basement"/>
			<Option target="expr"/>
			<Option target="mondrian"/>
		</Unit>
		<Unit filename="/Users/marcus/git/basement/include/tuplet_field.h">
			<Option target="buffmgr"/>
			<Option target="gridtables"/>
			<Option target="sample_linuxwc"/>
			<Option target="sample_lin_hash"/>
			<Option target="basement"/>
			<Option target="expr"/>
			<Option target="mondrian"/>
		</Unit>
		<Unit filename="/Users/marcus/git/basement/include/unsafe.h">
			<Option target="buffmgr"/>
			<Option target="gridtables"/>
			<Option target="sample_linuxwc"/>
			<Option target="sample_lin_hash"/>
			<Option target="basement"/>
			<Option target="expr"/>
			<Option target="mondrian"/>
		</Unit>
		<Unit filename="/Users/marcus/git/basement/playground/mondrian_grid_tables.c">
			<Option target="gridtables"/>
		</Unit>
		<Unit filename="/Users/marcus/git/basement/playground/mondrian_virtual_machine.c">
			<Option target="mondrian"/>
		</Unit>
		<Unit filename="/Users/marcus/git/basement/samples/buffmgr/launcher.c">
			<Option target="buffmgr"/>
		</Unit>
		<Unit filename="/Users/marcus/git/basement/samples/containers/dictionaries/linear_hash_table_linuxwc.c">
			<Option target="sample_linuxwc"/>
		</Unit>
		<Unit filename="/Users/marcus/git/basement/samples/containers/dictionaries/linear_hash_table_sample.c">
			<Option target="sample_lin_hash"/>
		</Unit>
		<Unit filename="/Users/marcus/git/basement/samples/core/pred.c">
			<Option target="expr"/>
		</Unit>
		<Unit filename="/Users/marcus/git/basement/src/async.c">
			<Option target="buffmgr"/>
			<Option target="gridtables"/>
			<Option target="sample_linuxwc"/>
			<Option target="sample_lin_hash"/>
			<Option target="basement"/>
			<Option target="expr"/>
			<Option target="mondrian"/>
		</Unit>
		<Unit filename="/Users/marcus/git/basement/src/attr.c">
			<Option target="buffmgr"/>
			<Option target="gridtables"/>
			<Option target="sample_linuxwc"/>
			<Option target="sample_lin_hash"/>
			<Option target="basement"/>
			<Option target="expr"/>
			<Option target="mondrian"/>
		</Unit>
		<Unit filename="/Users/marcus/git/basement/src/conf.c">
			<Option target="buffmgr"/>
			<Option target="gridtables"/>
			<Option target="sample_linuxwc"/>
			<Option target="sample_lin_hash"/>
			<Option target="basement"/>
			<Option target="expr"/>
			<Option target="mondrian"/>
		</Unit>
		<Unit filename="/Users/marcus/git/basement/src/containers/dict.c">
			<Option target="buffmgr"/>
			<Option target="gridtables"/>
			<Option target="sample_linuxwc"/>
			<Option target="sample_lin_hash"/>
			<Option target="basement"/>
			<Option target="expr"/>
			<Option target="mondrian"/>
		</Unit>
		<Unit filename="/Users/marcus/git/basement/src/containers/dicts/hash_table.c">
			<Option target="buffmgr"/>
			<Option target="gridtables"/>
			<Option target="sample_linuxwc"/>
			<Option target="sample_lin_hash"/>
			<Option target="basement"/>
			<Option target="expr"/>
			<Option target="mondrian"/>
		</Unit>
		<Unit filename="/Users/marcus/git/basement/src/containers/freelist.c">
			<Option target="buffmgr"/>
			<Option target="gridtables"/>
			<Option target="sample_linuxwc"/>
			<Option target="sample_lin_hash"/>
			<Option target="basement"/>
			<Option target="expr"/>
			<Option target="mondrian"/>
		</Unit>
		<Unit filename="/Users/marcus/git/basement/src/containers/hashset.c">
			<Option target="buffmgr"/>
			<Option target="gridtables"/>
			<Option target="sample_linuxwc"/>
			<Option target="sample_lin_hash"/>
			<Option target="basement"/>
			<Option target="expr"/>
			<Option target="mondrian"/>
		</Unit>
		<Unit filename="/Users/marcus/git/basement/src/containers/list.c">
			<Option target="buffmgr"/>
			<Option target="gridtables"/>
			<Option target="sample_linuxwc"/>
			<Option target="sample_lin_hash"/>
			<Option target="basement"/>
			<Option target="expr"/>
			<Option target="mondrian"/>
		</Unit>
		<Unit filename="/Users/marcus/git/basement/src/containers/vec.c">
			<Option target="buffmgr"/>
			<Option target="gridtables"/>
			<Option target="sample_linuxwc"/>
			<Option target="sample_lin_hash"/>
			<Option target="basement"/>
			<Option target="expr"/>
			<Option target="mondrian"/>
		</Unit>
		<Unit filename="/Users/marcus/git/basement/src/error.c">
			<Option target="buffmgr"/>
			<Option target="gridtables"/>
			<Option target="sample_linuxwc"/>
			<Option target="sample_lin_hash"/>
			<Option target="basement"/>
			<Option target="expr"/>
			<Option target="mondrian"/>
		</Unit>
		<Unit filename="/Users/marcus/git/basement/src/field_type.c">
			<Option target="buffmgr"/>
			<Option target="gridtables"/>
			<Option target="sample_linuxwc"/>
			<Option target="sample_lin_hash"/>
			<Option target="basement"/>
			<Option target="expr"/>
			<Option target="mondrian"/>
		</Unit>
		<Unit filename="/Users/marcus/git/basement/src/frag.c">
			<Option target="buffmgr"/>
			<Option target="gridtables"/>
			<Option target="sample_linuxwc"/>
			<Option target="sample_lin_hash"/>
			<Option target="basement"/>
			<Option target="expr"/>
			<Option target="mondrian"/>
		</Unit>
		<Unit filename="/Users/marcus/git/basement/src/frag_printer.c">
			<Option target="buffmgr"/>
			<Option target="gridtables"/>
			<Option target="sample_linuxwc"/>
			<Option target="sample_lin_hash"/>
			<Option target="basement"/>
			<Option target="expr"/>
			<Option target="mondrian"/>
		</Unit>
		<Unit filename="/Users/marcus/git/basement/src/frag_printers/console_printer.c">
			<Option target="buffmgr"/>
			<Option target="gridtables"/>
			<Option target="sample_linuxwc"/>
			<Option target="sample_lin_hash"/>
			<Option target="basement"/>
			<Option target="expr"/>
			<Option target="mondrian"/>
		</Unit>
		<Unit filename="/Users/marcus/git/basement/src/frags/frag_host_vm.c">
			<Option target="buffmgr"/>
			<Option target="gridtables"/>
			<Option target="sample_linuxwc"/>
			<Option target="sample_lin_hash"/>
			<Option target="basement"/>
			<Option target="expr"/>
			<Option target="mondrian"/>
		</Unit>
		<Unit filename="/Users/marcus/git/basement/src/global.c">
			<Option target="buffmgr"/>
			<Option target="gridtables"/>
			<Option target="sample_linuxwc"/>
			<Option target="sample_lin_hash"/>
			<Option target="basement"/>
			<Option target="expr"/>
			<Option target="mondrian"/>
		</Unit>
		<Unit filename="/Users/marcus/git/basement/src/grid.c">
			<Option target="buffmgr"/>
			<Option target="gridtables"/>
			<Option target="sample_linuxwc"/>
			<Option target="sample_lin_hash"/>
			<Option target="basement"/>
			<Option target="expr"/>
			<Option target="mondrian"/>
		</Unit>
		<Unit filename="/Users/marcus/git/basement/src/grid_cursor.c">
			<Option target="buffmgr"/>
			<Option target="gridtables"/>
			<Option target="sample_linuxwc"/>
			<Option target="sample_lin_hash"/>
			<Option target="basement"/>
			<Option target="expr"/>
			<Option target="mondrian"/>
		</Unit>
		<Unit filename="/Users/marcus/git/basement/src/hash.c">
			<Option target="buffmgr"/>
			<Option target="gridtables"/>
			<Option target="sample_linuxwc"/>
			<Option target="sample_lin_hash"/>
			<Option target="basement"/>
			<Option target="expr"/>
			<Option target="mondrian"/>
		</Unit>
		<Unit filename="/Users/marcus/git/basement/src/indexes/hindex.c">
			<Option target="buffmgr"/>
			<Option target="gridtables"/>
			<Option target="sample_linuxwc"/>
			<Option target="sample_lin_hash"/>
			<Option target="basement"/>
			<Option target="expr"/>
			<Option target="mondrian"/>
		</Unit>
		<Unit filename="/Users/marcus/git/basement/src/indexes/hindexes/lsearch_hindex.c">
			<Option target="buffmgr"/>
			<Option target="gridtables"/>
			<Option target="sample_linuxwc"/>
			<Option target="sample_lin_hash"/>
			<Option target="basement"/>
			<Option target="expr"/>
			<Option target="mondrian"/>
		</Unit>
		<Unit filename="/Users/marcus/git/basement/src/indexes/vindex.c">
			<Option target="buffmgr"/>
			<Option target="gridtables"/>
			<Option target="sample_linuxwc"/>
			<Option target="sample_lin_hash"/>
			<Option target="basement"/>
			<Option target="expr"/>
			<Option target="mondrian"/>
		</Unit>
		<Unit filename="/Users/marcus/git/basement/src/indexes/vindexes/hash_vindex.c">
			<Option target="buffmgr"/>
			<Option target="gridtables"/>
			<Option target="sample_linuxwc"/>
			<Option target="sample_lin_hash"/>
			<Option target="basement"/>
			<Option target="expr"/>
			<Option target="mondrian"/>
		</Unit>
		<Unit filename="/Users/marcus/git/basement/src/inet/request.c">
			<Option target="buffmgr"/>
			<Option target="gridtables"/>
			<Option target="sample_linuxwc"/>
			<Option target="sample_lin_hash"/>
			<Option target="basement"/>
			<Option target="expr"/>
			<Option target="mondrian"/>
		</Unit>
		<Unit filename="/Users/marcus/git/basement/src/inet/response.c">
			<Option target="buffmgr"/>
			<Option target="gridtables"/>
			<Option target="sample_linuxwc"/>
			<Option target="sample_lin_hash"/>
			<Option target="basement"/>
			<Option target="expr"/>
			<Option target="mondrian"/>
		</Unit>
		<Unit filename="/Users/marcus/git/basement/src/inet/server.c">
			<Option target="buffmgr"/>
			<Option target="gridtables"/>
			<Option target="sample_linuxwc"/>
			<Option target="sample_lin_hash"/>
			<Option target="basement"/>
			<Option target="expr"/>
			<Option target="mondrian"/>
		</Unit>
		<Unit filename="/Users/marcus/git/basement/src/interval.c">
			<Option target="buffmgr"/>
			<Option target="gridtables"/>
			<Option target="sample_linuxwc"/>
			<Option target="sample_lin_hash"/>
			<Option target="basement"/>
			<Option target="expr"/>
			<Option target="mondrian"/>
		</Unit>
		<Unit filename="/Users/marcus/git/basement/src/mondrian.c">
			<Option target="buffmgr"/>
			<Option target="gridtables"/>
			<Option target="sample_linuxwc"/>
			<Option target="sample_lin_hash"/>
			<Option target="basement"/>
			<Option target="expr"/>
			<Option target="mondrian"/>
		</Unit>
		<Unit filename="/Users/marcus/git/basement/src/mvm.c">
			<Option target="buffmgr"/>
			<Option target="gridtables"/>
			<Option target="sample_linuxwc"/>
			<Option target="sample_lin_hash"/>
			<Option target="basement"/>
			<Option target="expr"/>
			<Option target="mondrian"/>
		</Unit>
		<Unit filename="/Users/marcus/git/basement/src/operators/scan.c">
			<Option target="buffmgr"/>
			<Option target="gridtables"/>
			<Option target="sample_linuxwc"/>
			<Option target="sample_lin_hash"/>
			<Option target="basement"/>
			<Option target="expr"/>
			<Option target="mondrian"/>
		</Unit>
		<Unit filename="/Users/marcus/git/basement/src/pred.c">
			<Option target="buffmgr"/>
			<Option target="gridtables"/>
			<Option target="sample_linuxwc"/>
			<Option target="sample_lin_hash"/>
			<Option target="basement"/>
			<Option target="expr"/>
			<Option target="mondrian"/>
		</Unit>
		<Unit filename="/Users/marcus/git/basement/src/pref.c">
			<Option target="buffmgr"/>
			<Option target="gridtables"/>
			<Option target="sample_linuxwc"/>
			<Option target="sample_lin_hash"/>
			<Option target="basement"/>
			<Option target="expr"/>
			<Option target="mondrian"/>
		</Unit>
		<Unit filename="/Users/marcus/git/basement/src/progpool.c">
			<Option target="buffmgr"/>
			<Option target="gridtables"/>
			<Option target="sample_linuxwc"/>
			<Option target="sample_lin_hash"/>
			<Option target="basement"/>
			<Option target="expr"/>
			<Option target="mondrian"/>
		</Unit>
		<Unit filename="/Users/marcus/git/basement/src/schema.c">
			<Option target="buffmgr"/>
			<Option target="gridtables"/>
			<Option target="sample_linuxwc"/>
			<Option target="sample_lin_hash"/>
			<Option target="basement"/>
			<Option target="expr"/>
			<Option target="mondrian"/>
		</Unit>
		<Unit filename="/Users/marcus/git/basement/src/storage/memory.c">
			<Option target="buffmgr"/>
			<Option target="gridtables"/>
			<Option target="sample_linuxwc"/>
			<Option target="sample_lin_hash"/>
			<Option target="basement"/>
			<Option target="expr"/>
			<Option target="mondrian"/>
		</Unit>
		<Unit filename="/Users/marcus/git/basement/src/timer.c">
			<Option target="buffmgr"/>
			<Option target="gridtables"/>
			<Option target="sample_linuxwc"/>
			<Option target="sample_lin_hash"/>
			<Option target="basement"/>
			<Option target="expr"/>
			<Option target="mondrian"/>
		</Unit>
		<Unit filename="/Users/marcus/git/basement/src/tuple.c">
			<Option target="buffmgr"/>
			<Option target="gridtables"/>
			<Option target="sample_linuxwc"/>
			<Option target="sample_lin_hash"/>
			<Option target="basement"/>
			<Option target="expr"/>
			<Option target="mondrian"/>
		</Unit>
		<Unit filename="/Users/marcus/git/basement/src/tuple_cursor.c">
			<Option target="buffmgr"/>
			<Option target="gridtables"/>
			<Option target="sample_linuxwc"/>
			<Option target="sample_lin_hash"/>
			<Option target="basement"/>
			<Option target="expr"/>
			<Option target="mondrian"/>
		</Unit>
		<Unit filename="/Users/marcus/git/basement/src/tuple_field.c">
			<Option target="buffmgr"/>
			<Option target="gridtables"/>
			<Option target="sample_linuxwc"/>
			<Option target="sample_lin_hash"/>
			<Option target="basement"/>
			<Option target="expr"/>
			<Option target="mondrian"/>
		</Unit>
		<Unit filename="/Users/marcus/git/basement/src/tuplet.c">
			<Option target="buffmgr"/>
			<Option target="gridtables"/>
			<Option target="sample_linuxwc"/>
			<Option target="sample_lin_hash"/>
			<Option target="basement"/>
			<Option target="expr"/>
			<Option target="mondrian"/>
		</Unit>
		<Unit filename="/Users/marcus/git/basement/src/tuplet_field.c">
			<Option target="buffmgr"/>
			<Option target="gridtables"/>
			<Option target="sample_linuxwc"/>
			<Option target="sample_lin_hash"/>
			<Option target="basement"/>
			<Option target="expr"/>
			<Option target="mondrian"/>
		</Unit>
		<Unit filename="/Users/marcus/git/basement/src/unsafe.c">
			<Option target="buffmgr"/>
			<Option target="gridtables"/>
			<Option target="sample_linuxwc"/>
			<Option target="sample_lin_hash"/>
			<Option target="basement"/>
			<Option target="expr"/>
			<Option target="mondrian"/>
		</Unit>
		<Unit filename="/Users/marcus/git/basement/third-party/json-parser/json.c">
			<Option target="buffmgr"/>
			<Option target="gridtables"/>
			<Option target="sample_linuxwc"/>
			<Option target="sample_lin_hash"/>
			<Option target="basement"/>
			<Option target="expr"/>
			<Option target="mondrian"/>
		</Unit>
		<Unit filename="/Users/marcus/git/basement/third-party/json-parser/json.h">
			<Option target="buffmgr"/>
			<Option target="gridtables"/>
			<Option target="sample_linuxwc"/>
			<Option target="sample_lin_hash"/>
			<Option target="basement"/>
			<Option target="expr"/>
			<Option target="mondrian"/>
		</Unit>
		<Unit filename="/Users/marcus/git/basement/CMakeLists.txt">
			<Option virtualFolder="CMake Files\"/>
		</Unit>
	</Project>
</CodeBlocks_project_file>
